lockfileVersion: '9.0'

settings:
  autoInstallPeers: true
  excludeLinksFromLockfile: false

importers:

  .:
    dependencies:
      sql.js:
        specifier: ^1.14.1
        version: 1.14.1

packages:

  sql.js@1.14.1:
    resolution: {integrity: sha512-gcj8zBWU5cFsi9WUP+4bFNXAyF1iRpA3LLyS/DP5xlrNzGmPIizUeBggKa8DbDwdqaKwUcTEnChtd2grWo/x/A==}

snapshots:

  sql.js@1.14.1: {}
